
Microsoft Visual Studio Solution File, Format Version 12.00
# Visual Studio Version 17
VisualStudioVersion = 17.14.36127.28
MinimumVisualStudioVersion = 10.0.40219.1
Project("{FAE04EC0-301F-11D3-BF4B-00C04F79EFBC}") = "Bimber", "Bimber.csproj", "{6B32422B-0FB8-4F9C-A29B-5B80D2644678}"
EndProject
Global
	GlobalSection(SolutionConfigurationPlatforms) = preSolution
		Debug|Any CPU = Debug|Any CPU
		Release|Any CPU = Release|Any CPU
	EndGlobalSection
	GlobalSection(ProjectConfigurationPlatforms) = postSolution
		{6B32422B-0FB8-4F9C-A29B-5B80D2644678}.Debug|Any CPU.ActiveCfg = Debug|Any CPU
		{6B32422B-0FB8-4F9C-A29B-5B80D2644678}.Debug|Any CPU.Build.0 = Debug|Any CPU
		{6B32422B-0FB8-4F9C-A29B-5B80D2644678}.Release|Any CPU.ActiveCfg = Release|Any CPU
		{6B32422B-0FB8-4F9C-A29B-5B80D2644678}.Release|Any CPU.Build.0 = Release|Any CPU
	EndGlobalSection
	GlobalSection(SolutionProperties) = preSolution
		HideSolutionNode = FALSE
	EndGlobalSection
	GlobalSection(ExtensibilityGlobals) = postSolution
		SolutionGuid = {E108E72D-0878-412E-8D7A-654BD67095DF}
	EndGlobalSection
EndGlobal
